
Microsoft Visual Studio Solution File, Format Version 12.00
# Visual Studio Version 16
VisualStudioVersion = 16.0.32630.194
MinimumVisualStudioVersion = 10.0.40219.1
Project("{FAE04EC0-301F-11D3-BF4B-00C04F79EFBC}") = "EmployeeWage", "EmployeeWage.csproj", "{4139B221-22B9-4CFC-911F-D56FB926DB72}"
EndProject
Global
	GlobalSection(SolutionConfigurationPlatforms) = preSolution
		Debug|Any CPU = Debug|Any CPU
		Release|Any CPU = Release|Any CPU
	EndGlobalSection
	GlobalSection(ProjectConfigurationPlatforms) = postSolution
		{4139B221-22B9-4CFC-911F-D56FB926DB72}.Debug|Any CPU.ActiveCfg = Debug|Any CPU
		{4139B221-22B9-4CFC-911F-D56FB926DB72}.Debug|Any CPU.Build.0 = Debug|Any CPU
		{4139B221-22B9-4CFC-911F-D56FB926DB72}.Release|Any CPU.ActiveCfg = Release|Any CPU
		{4139B221-22B9-4CFC-911F-D56FB926DB72}.Release|Any CPU.Build.0 = Release|Any CPU
	EndGlobalSection
	GlobalSection(SolutionProperties) = preSolution
		HideSolutionNode = FALSE
	EndGlobalSection
	GlobalSection(ExtensibilityGlobals) = postSolution
		SolutionGuid = {6F42ADC6-2E3D-41F4-AFC5-F9F35CA7A0BE}
	EndGlobalSection
EndGlobal
